Microsoft Visual Studio Solution File, Format Version 12.00
# Visual Studio 2012
Project("{FAE04EC0-301F-11D3-BF4B-00C04F79EFBC}") = "KitchenDesigner", "KitchenDesigner.csproj", "{80F4A7FA-44D8-4EA2-B5B0-734928CF198C}"
EndProject
Global
	GlobalSection(SolutionConfigurationPlatforms) = preSolution
	Debug|Any CPU = Debug|Any CPU
	ExportDebug|Any CPU = ExportDebug|Any CPU
	ExportRelease|Any CPU = ExportRelease|Any CPU
	EndGlobalSection
	GlobalSection(ProjectConfigurationPlatforms) = postSolution
		{80F4A7FA-44D8-4EA2-B5B0-734928CF198C}.Debug|Any CPU.ActiveCfg = Debug|Any CPU
		{80F4A7FA-44D8-4EA2-B5B0-734928CF198C}.Debug|Any CPU.Build.0 = Debug|Any CPU
		{80F4A7FA-44D8-4EA2-B5B0-734928CF198C}.ExportDebug|Any CPU.ActiveCfg = ExportDebug|Any CPU
		{80F4A7FA-44D8-4EA2-B5B0-734928CF198C}.ExportDebug|Any CPU.Build.0 = ExportDebug|Any CPU
		{80F4A7FA-44D8-4EA2-B5B0-734928CF198C}.ExportRelease|Any CPU.ActiveCfg = ExportRelease|Any CPU
		{80F4A7FA-44D8-4EA2-B5B0-734928CF198C}.ExportRelease|Any CPU.Build.0 = ExportRelease|Any CPU
	EndGlobalSection
EndGlobal
