Microsoft Visual Studio Solution File, Format Version 12.00
# Visual Studio 2012
Project("{FAE04EC0-301F-11D3-BF4B-00C04F79EFBC}") = "KitchenDesigner", "KitchenDesigner.csproj", "{878EEB07-92D3-4FD0-B1FC-EF71D877CCEB}"
EndProject
Global
	GlobalSection(SolutionConfigurationPlatforms) = preSolution
	Debug|Any CPU = Debug|Any CPU
	ExportDebug|Any CPU = ExportDebug|Any CPU
	ExportRelease|Any CPU = ExportRelease|Any CPU
	EndGlobalSection
	GlobalSection(ProjectConfigurationPlatforms) = postSolution
		{878EEB07-92D3-4FD0-B1FC-EF71D877CCEB}.Debug|Any CPU.ActiveCfg = Debug|Any CPU
		{878EEB07-92D3-4FD0-B1FC-EF71D877CCEB}.Debug|Any CPU.Build.0 = Debug|Any CPU
		{878EEB07-92D3-4FD0-B1FC-EF71D877CCEB}.ExportDebug|Any CPU.ActiveCfg = ExportDebug|Any CPU
		{878EEB07-92D3-4FD0-B1FC-EF71D877CCEB}.ExportDebug|Any CPU.Build.0 = ExportDebug|Any CPU
		{878EEB07-92D3-4FD0-B1FC-EF71D877CCEB}.ExportRelease|Any CPU.ActiveCfg = ExportRelease|Any CPU
		{878EEB07-92D3-4FD0-B1FC-EF71D877CCEB}.ExportRelease|Any CPU.Build.0 = ExportRelease|Any CPU
	EndGlobalSection
EndGlobal
